// !$*UTF8*$!
{
	archiveVersion = 1;
	classes = {
	};
	objectVersion = 56;
	objects = {

/* Begin PBXBuildFile section */
		A2A684892A7A7D00007ECFDF /* GetMappedApp.swift in Sources */ = {isa = PBXBuildFile; fileRef = A2A684882A7A7D00007ECFDF /* GetMappedApp.swift */; };
		A2A6848B2A7A7D00007ECFDF /* ContentView.swift in Sources */ = {isa = PBXBuildFile; fileRef = A2A6848A2A7A7D00007ECFDF /* ContentView.swift */; };
		A2A684902A7A7D01007ECFDF /* Preview Assets.xcassets in Resources */ = {isa = PBXBuildFile; fileRef = A2A6848F2A7A7D01007ECFDF /* Preview Assets.xcassets */; };
		A2A684972A7A7EDF007ECFDF /* Assets.xcassets in Resources */ = {isa = PBXBuildFile; fileRef = A2A684962A7A7EDF007ECFDF /* Assets.xcassets */; };
		A2A6849C2A7A8073007ECFDF /* Location.swift in Sources */ = {isa = PBXBuildFile; fileRef = A2A6849B2A7A8073007ECFDF /* Location.swift */; };
		A2A6849F2A7A816B007ECFDF /* LocationsDataService.swift in Sources */ = {isa = PBXBuildFile; fileRef = A2A6849E2A7A816B007ECFDF /* LocationsDataService.swift */; };
		A2A684A12A7A82F8007ECFDF /* LocationsView.swift in Sources */ = {isa = PBXBuildFile; fileRef = A2A684A02A7A82F8007ECFDF /* LocationsView.swift */; };
		A2A684A32A7A887B007ECFDF /* LocationsViewModel.swift in Sources */ = {isa = PBXBuildFile; fileRef = A2A684A22A7A887B007ECFDF /* LocationsViewModel.swift */; };
/* End PBXBuildFile section */

/* Begin PBXFileReference section */
		A2A684852A7A7D00007ECFDF /* GetMapped.app */ = {isa = PBXFileReference; explicitFileType = wrapper.application; includeInIndex = 0; path = GetMapped.app; sourceTree = BUILT_PRODUCTS_DIR; };
		A2A684882A7A7D00007ECFDF /* GetMappedApp.swift */ = {isa = PBXFileReference; lastKnownFileType = sourcecode.swift; path = GetMappedApp.swift; sourceTree = "<group>"; };
		A2A6848A2A7A7D00007ECFDF /* ContentView.swift */ = {isa = PBXFileReference; lastKnownFileType = sourcecode.swift; path = ContentView.swift; sourceTree = "<group>"; };
		A2A6848F2A7A7D01007ECFDF /* Preview Assets.xcassets */ = {isa = PBXFileReference; lastKnownFileType = folder.assetcatalog; path = "Preview Assets.xcassets"; sourceTree = "<group>"; };
		A2A684962A7A7EDF007ECFDF /* Assets.xcassets */ = {isa = PBXFileReference; lastKnownFileType = folder.assetcatalog; path = Assets.xcassets; sourceTree = "<group>"; };
		A2A6849B2A7A8073007ECFDF /* Location.swift */ = {isa = PBXFileReference; lastKnownFileType = sourcecode.swift; path = Location.swift; sourceTree = "<group>"; };
		A2A6849E2A7A816B007ECFDF /* LocationsDataService.swift */ = {isa = PBXFileReference; fileEncoding = 4; lastKnownFileType = sourcecode.swift; path = LocationsDataService.swift; sourceTree = "<group>"; };
		A2A684A02A7A82F8007ECFDF /* LocationsView.swift */ = {isa = PBXFileReference; lastKnownFileType = sourcecode.swift; path = LocationsView.swift; sourceTree = "<group>"; };
		A2A684A22A7A887B007ECFDF /* LocationsViewModel.swift */ = {isa = PBXFileReference; lastKnownFileType = sourcecode.swift; path = LocationsViewModel.swift; sourceTree = "<group>"; };
/* End PBXFileReference section */

/* Begin PBXFrameworksBuildPhase section */
		A2A684822A7A7D00007ECFDF /* Frameworks */ = {
			isa = PBXFrameworksBuildPhase;
			buildActionMask = 2147483647;
			files = (
			);
			runOnlyForDeploymentPostprocessing = 0;
		};
/* End PBXFrameworksBuildPhase section */

/* Begin PBXGroup section */
		A2A6847C2A7A7D00007ECFDF = {
			isa = PBXGroup;
			children = (
				A2A684872A7A7D00007ECFDF /* GetMapped */,
				A2A684862A7A7D00007ECFDF /* Products */,
			);
			sourceTree = "<group>";
		};
		A2A684862A7A7D00007ECFDF /* Products */ = {
			isa = PBXGroup;
			children = (
				A2A684852A7A7D00007ECFDF /* GetMapped.app */,
			);
			name = Products;
			sourceTree = "<group>";
		};
		A2A684872A7A7D00007ECFDF /* GetMapped */ = {
			isa = PBXGroup;
			children = (
				A2A684882A7A7D00007ECFDF /* GetMappedApp.swift */,
				A2A6848A2A7A7D00007ECFDF /* ContentView.swift */,
				A2A6849D2A7A8149007ECFDF /* DataServices */,
				A2A684992A7A8032007ECFDF /* Views */,
				A2A6849A2A7A803A007ECFDF /* ViewModels */,
				A2A684982A7A8026007ECFDF /* Models */,
				A2A684962A7A7EDF007ECFDF /* Assets.xcassets */,
				A2A6848E2A7A7D01007ECFDF /* Preview Content */,
			);
			path = GetMapped;
			sourceTree = "<group>";
		};
		A2A6848E2A7A7D01007ECFDF /* Preview Content */ = {
			isa = PBXGroup;
			children = (
				A2A6848F2A7A7D01007ECFDF /* Preview Assets.xcassets */,
			);
			path = "Preview Content";
			sourceTree = "<group>";
		};
		A2A684982A7A8026007ECFDF /* Models */ = {
			isa = PBXGroup;
			children = (
				A2A6849B2A7A8073007ECFDF /* Location.swift */,
			);
			path = Models;
			sourceTree = "<group>";
		};
		A2A684992A7A8032007ECFDF /* Views */ = {
			isa = PBXGroup;
			children = (
				A2A684A02A7A82F8007ECFDF /* LocationsView.swift */,
			);
			path = Views;
			sourceTree = "<group>";
		};
		A2A6849A2A7A803A007ECFDF /* ViewModels */ = {
			isa = PBXGroup;
			children = (
				A2A684A22A7A887B007ECFDF /* LocationsViewModel.swift */,
			);
			path = ViewModels;
			sourceTree = "<group>";
		};
		A2A6849D2A7A8149007ECFDF /* DataServices */ = {
			isa = PBXGroup;
			children = (
				A2A6849E2A7A816B007ECFDF /* LocationsDataService.swift */,
			);
			path = DataServices;
			sourceTree = "<group>";
		};
/* End PBXGroup section */

/* Begin PBXNativeTarget section */
		A2A684842A7A7D00007ECFDF /* GetMapped */ = {
			isa = PBXNativeTarget;
			buildConfigurationList = A2A684932A7A7D01007ECFDF /* Build configuration list for PBXNativeTarget "GetMapped" */;
			buildPhases = (
				A2A684812A7A7D00007ECFDF /* Sources */,
				A2A684822A7A7D00007ECFDF /* Frameworks */,
				A2A684832A7A7D00007ECFDF /* Resources */,
			);
			buildRules = (
			);
			dependencies = (
			);
			name = GetMapped;
			productName = GetMapped;
			productReference = A2A684852A7A7D00007ECFDF /* GetMapped.app */;
			productType = "com.apple.product-type.application";
		};
/* End PBXNativeTarget section */

/* Begin PBXProject section */
		A2A6847D2A7A7D00007ECFDF /* Project object */ = {
			isa = PBXProject;
			attributes = {
				BuildIndependentTargetsInParallel = 1;
				LastSwiftUpdateCheck = 1430;
				LastUpgradeCheck = 1430;
				TargetAttributes = {
					A2A684842A7A7D00007ECFDF = {
						CreatedOnToolsVersion = 14.3.1;
					};
				};
			};
			buildConfigurationList = A2A684802A7A7D00007ECFDF /* Build configuration list for PBXProject "GetMapped" */;
			compatibilityVersion = "Xcode 14.0";
			developmentRegion = en;
			hasScannedForEncodings = 0;
			knownRegions = (
				en,
				Base,
			);
			mainGroup = A2A6847C2A7A7D00007ECFDF;
			productRefGroup = A2A684862A7A7D00007ECFDF /* Products */;
			projectDirPath = "";
			projectRoot = "";
			targets = (
				A2A684842A7A7D00007ECFDF /* GetMapped */,
			);
		};
/* End PBXProject section */

/* Begin PBXResourcesBuildPhase section */
		A2A684832A7A7D00007ECFDF /* Resources */ = {
			isa = PBXResourcesBuildPhase;
			buildActionMask = 2147483647;
			files = (
				A2A684972A7A7EDF007ECFDF /* Assets.xcassets in Resources */,
				A2A684902A7A7D01007ECFDF /* Preview Assets.xcassets in Resources */,
			);
			runOnlyForDeploymentPostprocessing = 0;
		};
/* End PBXResourcesBuildPhase section */

/* Begin PBXSourcesBuildPhase section */
		A2A684812A7A7D00007ECFDF /* Sources */ = {
			isa = PBXSourcesBuildPhase;
			buildActionMask = 2147483647;
			files = (
				A2A6849F2A7A816B007ECFDF /* LocationsDataService.swift in Sources */,
				A2A684A32A7A887B007ECFDF /* LocationsViewModel.swift in Sources */,
				A2A6848B2A7A7D00007ECFDF /* ContentView.swift in Sources */,
				A2A684A12A7A82F8007ECFDF /* LocationsView.swift in Sources */,
				A2A6849C2A7A8073007ECFDF /* Location.swift in Sources */,
				A2A684892A7A7D00007ECFDF /* GetMappedApp.swift in Sources */,
			);
			runOnlyForDeploymentPostprocessing = 0;
		};
/* End PBXSourcesBuildPhase section */

/* Begin XCBuildConfiguration section */
		A2A684912A7A7D01007ECFDF /* Debug */ = {
			isa = XCBuildConfiguration;
			buildSettings = {
				ALWAYS_SEARCH_USER_PATHS = NO;
				CLANG_ANALYZER_NONNULL = YES;
				CLANG_ANALYZER_NUMBER_OBJECT_CONVERSION = YES_AGGRESSIVE;
				CLANG_CXX_LANGUAGE_STANDARD = "gnu++20";
				CLANG_ENABLE_MODULES = YES;
				CLANG_ENABLE_OBJC_ARC = YES;
				CLANG_ENABLE_OBJC_WEAK = YES;
				CLANG_WARN_BLOCK_CAPTURE_AUTORELEASING = YES;
				CLANG_WARN_BOOL_CONVERSION = YES;
				CLANG_WARN_COMMA = YES;
				CLANG_WARN_CONSTANT_CONVERSION = YES;
				CLANG_WARN_DEPRECATED_OBJC_IMPLEMENTATIONS = YES;
				CLANG_WARN_DIRECT_OBJC_ISA_USAGE = YES_ERROR;
				CLANG_WARN_DOCUMENTATION_COMMENTS = YES;
				CLANG_WARN_EMPTY_BODY = YES;
				CLANG_WARN_ENUM_CONVERSION = YES;
				CLANG_WARN_INFINITE_RECURSION = YES;
				CLANG_WARN_INT_CONVERSION = YES;
				CLANG_WARN_NON_LITERAL_NULL_CONVERSION = YES;
				CLANG_WARN_OBJC_IMPLICIT_RETAIN_SELF = YES;
				CLANG_WARN_OBJC_LITERAL_CONVERSION = YES;
				CLANG_WARN_OBJC_ROOT_CLASS = YES_ERROR;
				CLANG_WARN_QUOTED_INCLUDE_IN_FRAMEWORK_HEADER = YES;
				CLANG_WARN_RANGE_LOOP_ANALYSIS = YES;
				CLANG_WARN_STRICT_PROTOTYPES = YES;
				CLANG_WARN_SUSPICIOUS_MOVE = YES;
				CLANG_WARN_UNGUARDED_AVAILABILITY = YES_AGGRESSIVE;
				CLANG_WARN_UNREACHABLE_CODE = YES;
				CLANG_WARN__DUPLICATE_METHOD_MATCH = YES;
				COPY_PHASE_STRIP = NO;
				DEBUG_INFORMATION_FORMAT = dwarf;
				ENABLE_STRICT_OBJC_MSGSEND = YES;
				ENABLE_TESTABILITY = YES;
				GCC_C_LANGUAGE_STANDARD = gnu11;
				GCC_DYNAMIC_NO_PIC = NO;
				GCC_NO_COMMON_BLOCKS = YES;
				GCC_OPTIMIZATION_LEVEL = 0;
				GCC_PREPROCESSOR_DEFINITIONS = (
					"DEBUG=1",
					"$(inherited)",
				);
				GCC_WARN_64_TO_32_BIT_CONVERSION = YES;
				GCC_WARN_ABOUT_RETURN_TYPE = YES_ERROR;
				GCC_WARN_UNDECLARED_SELECTOR = YES;
				GCC_WARN_UNINITIALIZED_AUTOS = YES_AGGRESSIVE;
				GCC_WARN_UNUSED_FUNCTION = YES;
				GCC_WARN_UNUSED_VARIABLE = YES;
				IPHONEOS_DEPLOYMENT_TARGET = 16.4;
				MTL_ENABLE_DEBUG_INFO = INCLUDE_SOURCE;
				MTL_FAST_MATH = YES;
				ONLY_ACTIVE_ARCH = YES;
				SDKROOT = iphoneos;
				SWIFT_ACTIVE_COMPILATION_CONDITIONS = DEBUG;
				SWIFT_OPTIMIZATION_LEVEL = "-Onone";
			};
			name = Debug;
		};
		A2A684922A7A7D01007ECFDF /* Release */ = {
			isa = XCBuildConfiguration;
			buildSettings = {
				ALWAYS_SEARCH_USER_PATHS = NO;
				CLANG_ANALYZER_NONNULL = YES;
				CLANG_ANALYZER_NUMBER_OBJECT_CONVERSION = YES_AGGRESSIVE;
				CLANG_CXX_LANGUAGE_STANDARD = "gnu++20";
				CLANG_ENABLE_MODULES = YES;
				CLANG_ENABLE_OBJC_ARC = YES;
				CLANG_ENABLE_OBJC_WEAK = YES;
				CLANG_WARN_BLOCK_CAPTURE_AUTORELEASING = YES;
				CLANG_WARN_BOOL_CONVERSION = YES;
				CLANG_WARN_COMMA = YES;
				CLANG_WARN_CONSTANT_CONVERSION = YES;
				CLANG_WARN_DEPRECATED_OBJC_IMPLEMENTATIONS = YES;
				CLANG_WARN_DIRECT_OBJC_ISA_USAGE = YES_ERROR;
				CLANG_WARN_DOCUMENTATION_COMMENTS = YES;
				CLANG_WARN_EMPTY_BODY = YES;
				CLANG_WARN_ENUM_CONVERSION = YES;
				CLANG_WARN_INFINITE_RECURSION = YES;
				CLANG_WARN_INT_CONVERSION = YES;
				CLANG_WARN_NON_LITERAL_NULL_CONVERSION = YES;
				CLANG_WARN_OBJC_IMPLICIT_RETAIN_SELF = YES;
				CLANG_WARN_OBJC_LITERAL_CONVERSION = YES;
				CLANG_WARN_OBJC_ROOT_CLASS = YES_ERROR;
				CLANG_WARN_QUOTED_INCLUDE_IN_FRAMEWORK_HEADER = YES;
				CLANG_WARN_RANGE_LOOP_ANALYSIS = YES;
				CLANG_WARN_STRICT_PROTOTYPES = YES;
				CLANG_WARN_SUSPICIOUS_MOVE = YES;
				CLANG_WARN_UNGUARDED_AVAILABILITY = YES_AGGRESSIVE;
				CLANG_WARN_UNREACHABLE_CODE = YES;
				CLANG_WARN__DUPLICATE_METHOD_MATCH = YES;
				COPY_PHASE_STRIP = NO;
				DEBUG_INFORMATION_FORMAT = "dwarf-with-dsym";
				ENABLE_NS_ASSERTIONS = NO;
				ENABLE_STRICT_OBJC_MSGSEND = YES;
				GCC_C_LANGUAGE_STANDARD = gnu11;
				GCC_NO_COMMON_BLOCKS = YES;
				GCC_WARN_64_TO_32_BIT_CONVERSION = YES;
				GCC_WARN_ABOUT_RETURN_TYPE = YES_ERROR;
				GCC_WARN_UNDECLARED_SELECTOR = YES;
				GCC_WARN_UNINITIALIZED_AUTOS = YES_AGGRESSIVE;
				GCC_WARN_UNUSED_FUNCTION = YES;
				GCC_WARN_UNUSED_VARIABLE = YES;
				IPHONEOS_DEPLOYMENT_TARGET = 16.4;
				MTL_ENABLE_DEBUG_INFO = NO;
				MTL_FAST_MATH = YES;
				SDKROOT = iphoneos;
				SWIFT_COMPILATION_MODE = wholemodule;
				SWIFT_OPTIMIZATION_LEVEL = "-O";
				VALIDATE_PRODUCT = YES;
			};
			name = Release;
		};
		A2A684942A7A7D01007ECFDF /* Debug */ = {
			isa = XCBuildConfiguration;
			buildSettings = {
				ASSETCATALOG_COMPILER_APPICON_NAME = AppIcon;
				ASSETCATALOG_COMPILER_GLOBAL_ACCENT_COLOR_NAME = AccentColor;
				CODE_SIGN_STYLE = Automatic;
				CURRENT_PROJECT_VERSION = 1;
				DEVELOPMENT_ASSET_PATHS = "\"GetMapped/Preview Content\"";
				DEVELOPMENT_TEAM = 2Q448G8AH2;
				ENABLE_PREVIEWS = YES;
				GENERATE_INFOPLIST_FILE = YES;
				INFOPLIST_KEY_UIApplicationSceneManifest_Generation = YES;
				INFOPLIST_KEY_UIApplicationSupportsIndirectInputEvents = YES;
				INFOPLIST_KEY_UILaunchScreen_Generation = YES;
				INFOPLIST_KEY_UISupportedInterfaceOrientations_iPad = "UIInterfaceOrientationPortrait UIInterfaceOrientationPortraitUpsideDown UIInterfaceOrientationLandscapeLeft UIInterfaceOrientationLandscapeRight";
				INFOPLIST_KEY_UISupportedInterfaceOrientations_iPhone = "UIInterfaceOrientationPortrait UIInterfaceOrientationLandscapeLeft UIInterfaceOrientationLandscapeRight";
				LD_RUNPATH_SEARCH_PATHS = (
					"$(inherited)",
					"@executable_path/Frameworks",
				);
				MARKETING_VERSION = 1.0;
				PRODUCT_BUNDLE_IDENTIFIER = com.andreporto.GetMapped;
				PRODUCT_NAME = "$(TARGET_NAME)";
				SWIFT_EMIT_LOC_STRINGS = YES;
				SWIFT_VERSION = 5.0;
				TARGETED_DEVICE_FAMILY = "1,2";
			};
			name = Debug;
		};
		A2A684952A7A7D01007ECFDF /* Release */ = {
			isa = XCBuildConfiguration;
			buildSettings = {
				ASSETCATALOG_COMPILER_APPICON_NAME = AppIcon;
				ASSETCATALOG_COMPILER_GLOBAL_ACCENT_COLOR_NAME = AccentColor;
				CODE_SIGN_STYLE = Automatic;
				CURRENT_PROJECT_VERSION = 1;
				DEVELOPMENT_ASSET_PATHS = "\"GetMapped/Preview Content\"";
				DEVELOPMENT_TEAM = 2Q448G8AH2;
				ENABLE_PREVIEWS = YES;
				GENERATE_INFOPLIST_FILE = YES;
				INFOPLIST_KEY_UIApplicationSceneManifest_Generation = YES;
				INFOPLIST_KEY_UIApplicationSupportsIndirectInputEvents = YES;
				INFOPLIST_KEY_UILaunchScreen_Generation = YES;
				INFOPLIST_KEY_UISupportedInterfaceOrientations_iPad = "UIInterfaceOrientationPortrait UIInterfaceOrientationPortraitUpsideDown UIInterfaceOrientationLandscapeLeft UIInterfaceOrientationLandscapeRight";
				INFOPLIST_KEY_UISupportedInterfaceOrientations_iPhone = "UIInterfaceOrientationPortrait UIInterfaceOrientationLandscapeLeft UIInterfaceOrientationLandscapeRight";
				LD_RUNPATH_SEARCH_PATHS = (
					"$(inherited)",
					"@executable_path/Frameworks",
				);
				MARKETING_VERSION = 1.0;
				PRODUCT_BUNDLE_IDENTIFIER = com.andreporto.GetMapped;
				PRODUCT_NAME = "$(TARGET_NAME)";
				SWIFT_EMIT_LOC_STRINGS = YES;
				SWIFT_VERSION = 5.0;
				TARGETED_DEVICE_FAMILY = "1,2";
			};
			name = Release;
		};
/* End XCBuildConfiguration section */

/* Begin XCConfigurationList section */
		A2A684802A7A7D00007ECFDF /* Build configuration list for PBXProject "GetMapped" */ = {
			isa = XCConfigurationList;
			buildConfigurations = (
				A2A684912A7A7D01007ECFDF /* Debug */,
				A2A684922A7A7D01007ECFDF /* Release */,
			);
			defaultConfigurationIsVisible = 0;
			defaultConfigurationName = Release;
		};
		A2A684932A7A7D01007ECFDF /* Build configuration list for PBXNativeTarget "GetMapped" */ = {
			isa = XCConfigurationList;
			buildConfigurations = (
				A2A684942A7A7D01007ECFDF /* Debug */,
				A2A684952A7A7D01007ECFDF /* Release */,
			);
			defaultConfigurationIsVisible = 0;
			defaultConfigurationName = Release;
		};
/* End XCConfigurationList section */
	};
	rootObject = A2A6847D2A7A7D00007ECFDF /* Project object */;
}
